
Microsoft Visual Studio Solution File, Format Version 12.00
# Visual Studio 2012
Project("{FAE04EC0-301F-11D3-BF4B-00C04F79EFBC}") = "Graxei.Web", "Graxei.Web\Graxei.Web.csproj", "{0F5D5A25-7878-4708-AD5A-873003C526B4}"
EndProject
Project("{2150E333-8FDC-42A3-9474-1A3956D46DE8}") = "Apresentação", "Apresentação", "{E0660FBE-BAB4-47C7-8B27-7AD191C0D245}"
EndProject
Project("{2150E333-8FDC-42A3-9474-1A3956D46DE8}") = "Aplicação", "Aplicação", "{F3FE00B9-FE5A-4C0D-9EC8-22DD6FF4977D}"
EndProject
Project("{2150E333-8FDC-42A3-9474-1A3956D46DE8}") = "Contrato", "Contrato", "{C21E28E0-0555-49E6-8254-D766EC0C2EF8}"
EndProject
Project("{2150E333-8FDC-42A3-9474-1A3956D46DE8}") = "Fabrica", "Fabrica", "{0A4C4680-58C8-4ACF-B61E-1816DE88C2CE}"
EndProject
Project("{2150E333-8FDC-42A3-9474-1A3956D46DE8}") = "Implementação", "Implementação", "{9EBB8DD6-A177-482C-AAFB-651B59815AC6}"
EndProject
Project("{2150E333-8FDC-42A3-9474-1A3956D46DE8}") = "Negocio", "Negocio", "{A8CC24EA-0E9E-438E-8B74-8A000D7B0990}"
EndProject
Project("{2150E333-8FDC-42A3-9474-1A3956D46DE8}") = "Contrato", "Contrato", "{2D65B20C-E861-4692-9B86-1025D772EE08}"
EndProject
Project("{2150E333-8FDC-42A3-9474-1A3956D46DE8}") = "Fabrica", "Fabrica", "{A7DEB101-E073-4E2B-AB89-A31E9AD6FB28}"
EndProject
Project("{2150E333-8FDC-42A3-9474-1A3956D46DE8}") = "Implementação", "Implementação", "{55CD7E60-DA54-4C3A-A750-2D7D558A3A62}"
EndProject
Project("{2150E333-8FDC-42A3-9474-1A3956D46DE8}") = "Modelo", "Modelo", "{A7AD0BFD-4914-4B34-B99E-CF931304600B}"
EndProject
Project("{2150E333-8FDC-42A3-9474-1A3956D46DE8}") = "Persistência", "Persistência", "{C88B072A-2386-49AC-90E1-5F26B9A1EE26}"
EndProject
Project("{2150E333-8FDC-42A3-9474-1A3956D46DE8}") = "Contrato", "Contrato", "{3DEF66A4-7AA9-4943-8C02-CF114C028D89}"
EndProject
Project("{2150E333-8FDC-42A3-9474-1A3956D46DE8}") = "Fabrica", "Fabrica", "{EC38D63B-B3FA-4345-967B-95248E7B5DD4}"
EndProject
Project("{2150E333-8FDC-42A3-9474-1A3956D46DE8}") = "Implementação", "Implementação", "{DC19629A-1120-44A4-8D4E-774EB71176A6}"
EndProject
Project("{2150E333-8FDC-42A3-9474-1A3956D46DE8}") = "Núcleo", "Núcleo", "{EFE7C337-15B7-41D3-B62B-81D0140FA158}"
EndProject
Project("{2150E333-8FDC-42A3-9474-1A3956D46DE8}") = "Transversais", "Transversais", "{B30AB0AE-487E-428D-AA03-E424F1F4C0B1}"
EndProject
Project("{FAE04EC0-301F-11D3-BF4B-00C04F79EFBC}") = "Graxei.Modelo", "Graxei.Modelo\Graxei.Modelo.csproj", "{FE888923-D56D-403A-B51F-0549C4E12919}"
EndProject
Project("{FAE04EC0-301F-11D3-BF4B-00C04F79EFBC}") = "Graxei.Persistencia.Contrato", "Graxei.Persistencia.Contrato\Graxei.Persistencia.Contrato.csproj", "{C69DB223-A47A-4FE4-A2E3-D9EE660662B1}"
EndProject
Project("{FAE04EC0-301F-11D3-BF4B-00C04F79EFBC}") = "Graxei.Persistencia.Implementacao.FluentNHibernate.MySQL", "Graxei.Persistencia.NHibernate\Graxei.Persistencia.Implementacao.FluentNHibernate.MySQL.csproj", "{F1D4000A-3ECD-455F-A882-D64248980F1E}"
EndProject
Project("{FAE04EC0-301F-11D3-BF4B-00C04F79EFBC}") = "Graxei.Persistencia.Fabrica", "Graxei.Persistencia.Fabrica\Graxei.Persistencia.Fabrica.csproj", "{2C1AA775-A94D-496B-937C-FCA81A904F55}"
EndProject
Project("{FAE04EC0-301F-11D3-BF4B-00C04F79EFBC}") = "Graxei.Negocio.Contrato", "Graxei.Negocio.Contrato\Graxei.Negocio.Contrato.csproj", "{98F3B7B4-B5F1-4124-A62F-A0047AB08840}"
EndProject
Project("{FAE04EC0-301F-11D3-BF4B-00C04F79EFBC}") = "Graxei.Negocio.Fabrica", "Graxei.Negocio.Fabrica\Graxei.Negocio.Fabrica.csproj", "{41883BA3-AE05-4EC9-82BA-B2114FE075D4}"
EndProject
Project("{FAE04EC0-301F-11D3-BF4B-00C04F79EFBC}") = "Graxei.Negocio.Implentacao", "Graxei.Negocio.Implentacao\Graxei.Negocio.Implentacao.csproj", "{A8BFA7C6-4675-4997-81DF-AE7FE058C1F5}"
EndProject
Project("{FAE04EC0-301F-11D3-BF4B-00C04F79EFBC}") = "Graxei.Aplicacao.Contrato", "Graxei.Aplicacao.Contrato\Graxei.Aplicacao.Contrato.csproj", "{CBF20A20-BA65-4DBC-A5A6-8F06EB2F4ED5}"
EndProject
Project("{FAE04EC0-301F-11D3-BF4B-00C04F79EFBC}") = "Graxei.Aplicacao.Fabrica", "Graxei.Aplicacao.Fabrica\Graxei.Aplicacao.Fabrica.csproj", "{08975121-A680-4AC3-A0DA-984D4AF28156}"
EndProject
Project("{FAE04EC0-301F-11D3-BF4B-00C04F79EFBC}") = "Graxei.Aplicacao.Implementacao.ASPNet", "Graxei.Aplicacao.implementacao.ASPNet\Graxei.Aplicacao.Implementacao.ASPNet.csproj", "{1A142299-2CDE-4BFF-9206-B60A0E44A7C5}"
EndProject
Project("{FAE04EC0-301F-11D3-BF4B-00C04F79EFBC}") = "Graxei.Nucleo", "Graxei.Nucleo\Graxei.Nucleo.csproj", "{C9175A32-F282-4696-AFDD-67A9C273A084}"
EndProject
Project("{FAE04EC0-301F-11D3-BF4B-00C04F79EFBC}") = "FAST", "FAST\FAST.csproj", "{8C396BBC-F47C-4845-934E-A467302AAA81}"
EndProject
Project("{FAE04EC0-301F-11D3-BF4B-00C04F79EFBC}") = "Graxei.Persistencia.Implementacao.FluentNHibernate.Mapeamento", "FluentNHibernate.Configuracao\Graxei.Persistencia.Implementacao.FluentNHibernate.Mapeamento.csproj", "{C1DF8AA8-C6F2-4518-94A8-D80658D2091D}"
EndProject
Project("{2150E333-8FDC-42A3-9474-1A3956D46DE8}") = "Teste", "Teste", "{24C44558-CBEE-423D-B14C-138A3D15549B}"
EndProject
Project("{2150E333-8FDC-42A3-9474-1A3956D46DE8}") = "Graxei.Console", "Graxei.Console", "{5F4813E0-0AD7-4980-B50E-77E083799F06}"
EndProject
Project("{FAE04EC0-301F-11D3-BF4B-00C04F79EFBC}") = "TesteFluentNHibernante", "Graxei.Console\TesteFluentNHibernante\TesteFluentNHibernante.csproj", "{E91ED01D-32A7-4052-AADE-74956F519081}"
EndProject
Global
	GlobalSection(SolutionConfigurationPlatforms) = preSolution
		Debug|Any CPU = Debug|Any CPU
		Release|Any CPU = Release|Any CPU
	EndGlobalSection
	GlobalSection(ProjectConfigurationPlatforms) = postSolution
		{0F5D5A25-7878-4708-AD5A-873003C526B4}.Debug|Any CPU.ActiveCfg = Debug|Any CPU
		{0F5D5A25-7878-4708-AD5A-873003C526B4}.Debug|Any CPU.Build.0 = Debug|Any CPU
		{0F5D5A25-7878-4708-AD5A-873003C526B4}.Release|Any CPU.ActiveCfg = Release|Any CPU
		{0F5D5A25-7878-4708-AD5A-873003C526B4}.Release|Any CPU.Build.0 = Release|Any CPU
		{FE888923-D56D-403A-B51F-0549C4E12919}.Debug|Any CPU.ActiveCfg = Debug|Any CPU
		{FE888923-D56D-403A-B51F-0549C4E12919}.Debug|Any CPU.Build.0 = Debug|Any CPU
		{FE888923-D56D-403A-B51F-0549C4E12919}.Release|Any CPU.ActiveCfg = Release|Any CPU
		{FE888923-D56D-403A-B51F-0549C4E12919}.Release|Any CPU.Build.0 = Release|Any CPU
		{C69DB223-A47A-4FE4-A2E3-D9EE660662B1}.Debug|Any CPU.ActiveCfg = Debug|Any CPU
		{C69DB223-A47A-4FE4-A2E3-D9EE660662B1}.Debug|Any CPU.Build.0 = Debug|Any CPU
		{C69DB223-A47A-4FE4-A2E3-D9EE660662B1}.Release|Any CPU.ActiveCfg = Release|Any CPU
		{C69DB223-A47A-4FE4-A2E3-D9EE660662B1}.Release|Any CPU.Build.0 = Release|Any CPU
		{F1D4000A-3ECD-455F-A882-D64248980F1E}.Debug|Any CPU.ActiveCfg = Debug|Any CPU
		{F1D4000A-3ECD-455F-A882-D64248980F1E}.Debug|Any CPU.Build.0 = Debug|Any CPU
		{F1D4000A-3ECD-455F-A882-D64248980F1E}.Release|Any CPU.ActiveCfg = Release|Any CPU
		{F1D4000A-3ECD-455F-A882-D64248980F1E}.Release|Any CPU.Build.0 = Release|Any CPU
		{2C1AA775-A94D-496B-937C-FCA81A904F55}.Debug|Any CPU.ActiveCfg = Debug|Any CPU
		{2C1AA775-A94D-496B-937C-FCA81A904F55}.Debug|Any CPU.Build.0 = Debug|Any CPU
		{2C1AA775-A94D-496B-937C-FCA81A904F55}.Release|Any CPU.ActiveCfg = Release|Any CPU
		{2C1AA775-A94D-496B-937C-FCA81A904F55}.Release|Any CPU.Build.0 = Release|Any CPU
		{98F3B7B4-B5F1-4124-A62F-A0047AB08840}.Debug|Any CPU.ActiveCfg = Debug|Any CPU
		{98F3B7B4-B5F1-4124-A62F-A0047AB08840}.Debug|Any CPU.Build.0 = Debug|Any CPU
		{98F3B7B4-B5F1-4124-A62F-A0047AB08840}.Release|Any CPU.ActiveCfg = Release|Any CPU
		{98F3B7B4-B5F1-4124-A62F-A0047AB08840}.Release|Any CPU.Build.0 = Release|Any CPU
		{41883BA3-AE05-4EC9-82BA-B2114FE075D4}.Debug|Any CPU.ActiveCfg = Debug|Any CPU
		{41883BA3-AE05-4EC9-82BA-B2114FE075D4}.Debug|Any CPU.Build.0 = Debug|Any CPU
		{41883BA3-AE05-4EC9-82BA-B2114FE075D4}.Release|Any CPU.ActiveCfg = Release|Any CPU
		{41883BA3-AE05-4EC9-82BA-B2114FE075D4}.Release|Any CPU.Build.0 = Release|Any CPU
		{A8BFA7C6-4675-4997-81DF-AE7FE058C1F5}.Debug|Any CPU.ActiveCfg = Debug|Any CPU
		{A8BFA7C6-4675-4997-81DF-AE7FE058C1F5}.Debug|Any CPU.Build.0 = Debug|Any CPU
		{A8BFA7C6-4675-4997-81DF-AE7FE058C1F5}.Release|Any CPU.ActiveCfg = Release|Any CPU
		{A8BFA7C6-4675-4997-81DF-AE7FE058C1F5}.Release|Any CPU.Build.0 = Release|Any CPU
		{CBF20A20-BA65-4DBC-A5A6-8F06EB2F4ED5}.Debug|Any CPU.ActiveCfg = Debug|Any CPU
		{CBF20A20-BA65-4DBC-A5A6-8F06EB2F4ED5}.Debug|Any CPU.Build.0 = Debug|Any CPU
		{CBF20A20-BA65-4DBC-A5A6-8F06EB2F4ED5}.Release|Any CPU.ActiveCfg = Release|Any CPU
		{CBF20A20-BA65-4DBC-A5A6-8F06EB2F4ED5}.Release|Any CPU.Build.0 = Release|Any CPU
		{08975121-A680-4AC3-A0DA-984D4AF28156}.Debug|Any CPU.ActiveCfg = Debug|Any CPU
		{08975121-A680-4AC3-A0DA-984D4AF28156}.Debug|Any CPU.Build.0 = Debug|Any CPU
		{08975121-A680-4AC3-A0DA-984D4AF28156}.Release|Any CPU.ActiveCfg = Release|Any CPU
		{08975121-A680-4AC3-A0DA-984D4AF28156}.Release|Any CPU.Build.0 = Release|Any CPU
		{1A142299-2CDE-4BFF-9206-B60A0E44A7C5}.Debug|Any CPU.ActiveCfg = Debug|Any CPU
		{1A142299-2CDE-4BFF-9206-B60A0E44A7C5}.Debug|Any CPU.Build.0 = Debug|Any CPU
		{1A142299-2CDE-4BFF-9206-B60A0E44A7C5}.Release|Any CPU.ActiveCfg = Release|Any CPU
		{1A142299-2CDE-4BFF-9206-B60A0E44A7C5}.Release|Any CPU.Build.0 = Release|Any CPU
		{C9175A32-F282-4696-AFDD-67A9C273A084}.Debug|Any CPU.ActiveCfg = Debug|Any CPU
		{C9175A32-F282-4696-AFDD-67A9C273A084}.Debug|Any CPU.Build.0 = Debug|Any CPU
		{C9175A32-F282-4696-AFDD-67A9C273A084}.Release|Any CPU.ActiveCfg = Release|Any CPU
		{C9175A32-F282-4696-AFDD-67A9C273A084}.Release|Any CPU.Build.0 = Release|Any CPU
		{8C396BBC-F47C-4845-934E-A467302AAA81}.Debug|Any CPU.ActiveCfg = Debug|Any CPU
		{8C396BBC-F47C-4845-934E-A467302AAA81}.Debug|Any CPU.Build.0 = Debug|Any CPU
		{8C396BBC-F47C-4845-934E-A467302AAA81}.Release|Any CPU.ActiveCfg = Release|Any CPU
		{8C396BBC-F47C-4845-934E-A467302AAA81}.Release|Any CPU.Build.0 = Release|Any CPU
		{C1DF8AA8-C6F2-4518-94A8-D80658D2091D}.Debug|Any CPU.ActiveCfg = Debug|Any CPU
		{C1DF8AA8-C6F2-4518-94A8-D80658D2091D}.Debug|Any CPU.Build.0 = Debug|Any CPU
		{C1DF8AA8-C6F2-4518-94A8-D80658D2091D}.Release|Any CPU.ActiveCfg = Release|Any CPU
		{C1DF8AA8-C6F2-4518-94A8-D80658D2091D}.Release|Any CPU.Build.0 = Release|Any CPU
		{E91ED01D-32A7-4052-AADE-74956F519081}.Debug|Any CPU.ActiveCfg = Debug|Any CPU
		{E91ED01D-32A7-4052-AADE-74956F519081}.Debug|Any CPU.Build.0 = Debug|Any CPU
		{E91ED01D-32A7-4052-AADE-74956F519081}.Release|Any CPU.ActiveCfg = Release|Any CPU
		{E91ED01D-32A7-4052-AADE-74956F519081}.Release|Any CPU.Build.0 = Release|Any CPU
	EndGlobalSection
	GlobalSection(SolutionProperties) = preSolution
		HideSolutionNode = FALSE
	EndGlobalSection
	GlobalSection(NestedProjects) = preSolution
		{0F5D5A25-7878-4708-AD5A-873003C526B4} = {E0660FBE-BAB4-47C7-8B27-7AD191C0D245}
		{C21E28E0-0555-49E6-8254-D766EC0C2EF8} = {F3FE00B9-FE5A-4C0D-9EC8-22DD6FF4977D}
		{0A4C4680-58C8-4ACF-B61E-1816DE88C2CE} = {F3FE00B9-FE5A-4C0D-9EC8-22DD6FF4977D}
		{9EBB8DD6-A177-482C-AAFB-651B59815AC6} = {F3FE00B9-FE5A-4C0D-9EC8-22DD6FF4977D}
		{CBF20A20-BA65-4DBC-A5A6-8F06EB2F4ED5} = {C21E28E0-0555-49E6-8254-D766EC0C2EF8}
		{08975121-A680-4AC3-A0DA-984D4AF28156} = {0A4C4680-58C8-4ACF-B61E-1816DE88C2CE}
		{1A142299-2CDE-4BFF-9206-B60A0E44A7C5} = {9EBB8DD6-A177-482C-AAFB-651B59815AC6}
		{2D65B20C-E861-4692-9B86-1025D772EE08} = {A8CC24EA-0E9E-438E-8B74-8A000D7B0990}
		{A7DEB101-E073-4E2B-AB89-A31E9AD6FB28} = {A8CC24EA-0E9E-438E-8B74-8A000D7B0990}
		{55CD7E60-DA54-4C3A-A750-2D7D558A3A62} = {A8CC24EA-0E9E-438E-8B74-8A000D7B0990}
		{98F3B7B4-B5F1-4124-A62F-A0047AB08840} = {2D65B20C-E861-4692-9B86-1025D772EE08}
		{41883BA3-AE05-4EC9-82BA-B2114FE075D4} = {A7DEB101-E073-4E2B-AB89-A31E9AD6FB28}
		{A8BFA7C6-4675-4997-81DF-AE7FE058C1F5} = {55CD7E60-DA54-4C3A-A750-2D7D558A3A62}
		{FE888923-D56D-403A-B51F-0549C4E12919} = {A7AD0BFD-4914-4B34-B99E-CF931304600B}
		{3DEF66A4-7AA9-4943-8C02-CF114C028D89} = {C88B072A-2386-49AC-90E1-5F26B9A1EE26}
		{EC38D63B-B3FA-4345-967B-95248E7B5DD4} = {C88B072A-2386-49AC-90E1-5F26B9A1EE26}
		{DC19629A-1120-44A4-8D4E-774EB71176A6} = {C88B072A-2386-49AC-90E1-5F26B9A1EE26}
		{C69DB223-A47A-4FE4-A2E3-D9EE660662B1} = {3DEF66A4-7AA9-4943-8C02-CF114C028D89}
		{2C1AA775-A94D-496B-937C-FCA81A904F55} = {EC38D63B-B3FA-4345-967B-95248E7B5DD4}
		{F1D4000A-3ECD-455F-A882-D64248980F1E} = {DC19629A-1120-44A4-8D4E-774EB71176A6}
		{C1DF8AA8-C6F2-4518-94A8-D80658D2091D} = {DC19629A-1120-44A4-8D4E-774EB71176A6}
		{C9175A32-F282-4696-AFDD-67A9C273A084} = {EFE7C337-15B7-41D3-B62B-81D0140FA158}
		{5F4813E0-0AD7-4980-B50E-77E083799F06} = {24C44558-CBEE-423D-B14C-138A3D15549B}
		{E91ED01D-32A7-4052-AADE-74956F519081} = {5F4813E0-0AD7-4980-B50E-77E083799F06}
	EndGlobalSection
EndGlobal
