
Microsoft Visual Studio Solution File, Format Version 12.00
# Visual Studio 2012
Project("{2150E333-8FDC-42A3-9474-1A3956D46DE8}") = "1-Apresentação", "1-Apresentação", "{E0660FBE-BAB4-47C7-8B27-7AD191C0D245}"
EndProject
Project("{2150E333-8FDC-42A3-9474-1A3956D46DE8}") = "4-Negocio", "4-Negocio", "{A8CC24EA-0E9E-438E-8B74-8A000D7B0990}"
EndProject
Project("{2150E333-8FDC-42A3-9474-1A3956D46DE8}") = "Contrato", "Contrato", "{2D65B20C-E861-4692-9B86-1025D772EE08}"
EndProject
Project("{2150E333-8FDC-42A3-9474-1A3956D46DE8}") = "Fábrica", "Fábrica", "{A7DEB101-E073-4E2B-AB89-A31E9AD6FB28}"
EndProject
Project("{2150E333-8FDC-42A3-9474-1A3956D46DE8}") = "Implementação", "Implementação", "{55CD7E60-DA54-4C3A-A750-2D7D558A3A62}"
EndProject
Project("{2150E333-8FDC-42A3-9474-1A3956D46DE8}") = "3-Modelo", "3-Modelo", "{A7AD0BFD-4914-4B34-B99E-CF931304600B}"
EndProject
Project("{2150E333-8FDC-42A3-9474-1A3956D46DE8}") = "5-Persistência", "5-Persistência", "{C88B072A-2386-49AC-90E1-5F26B9A1EE26}"
EndProject
Project("{2150E333-8FDC-42A3-9474-1A3956D46DE8}") = "Contrato", "Contrato", "{3DEF66A4-7AA9-4943-8C02-CF114C028D89}"
EndProject
Project("{2150E333-8FDC-42A3-9474-1A3956D46DE8}") = "Fabrica", "Fabrica", "{EC38D63B-B3FA-4345-967B-95248E7B5DD4}"
EndProject
Project("{2150E333-8FDC-42A3-9474-1A3956D46DE8}") = "Implementação", "Implementação", "{DC19629A-1120-44A4-8D4E-774EB71176A6}"
EndProject
Project("{2150E333-8FDC-42A3-9474-1A3956D46DE8}") = "7-Transversais", "7-Transversais", "{B30AB0AE-487E-428D-AA03-E424F1F4C0B1}"
EndProject
Project("{FAE04EC0-301F-11D3-BF4B-00C04F79EFBC}") = "Graxei.Modelo", "Graxei.Modelo\Graxei.Modelo.csproj", "{FE888923-D56D-403A-B51F-0549C4E12919}"
EndProject
Project("{FAE04EC0-301F-11D3-BF4B-00C04F79EFBC}") = "Graxei.Persistencia.Contrato", "Graxei.Persistencia.Contrato\Graxei.Persistencia.Contrato.csproj", "{C69DB223-A47A-4FE4-A2E3-D9EE660662B1}"
EndProject
Project("{FAE04EC0-301F-11D3-BF4B-00C04F79EFBC}") = "Graxei.Persistencia.Fabrica", "Graxei.Persistencia.Fabrica\Graxei.Persistencia.Fabrica.csproj", "{2C1AA775-A94D-496B-937C-FCA81A904F55}"
EndProject
Project("{FAE04EC0-301F-11D3-BF4B-00C04F79EFBC}") = "Graxei.Negocio.Contrato", "Graxei.Negocio.Contrato\Graxei.Negocio.Contrato.csproj", "{98F3B7B4-B5F1-4124-A62F-A0047AB08840}"
EndProject
Project("{FAE04EC0-301F-11D3-BF4B-00C04F79EFBC}") = "Graxei.Negocio.Fabrica", "Graxei.Negocio.Fabrica\Graxei.Negocio.Fabrica.csproj", "{41883BA3-AE05-4EC9-82BA-B2114FE075D4}"
EndProject
Project("{FAE04EC0-301F-11D3-BF4B-00C04F79EFBC}") = "Graxei.Negocio.Implementacao", "Graxei.Negocio.Implentacao\Graxei.Negocio.Implementacao.csproj", "{A8BFA7C6-4675-4997-81DF-AE7FE058C1F5}"
EndProject
Project("{FAE04EC0-301F-11D3-BF4B-00C04F79EFBC}") = "FAST", "FAST\FAST.csproj", "{8C396BBC-F47C-4845-934E-A467302AAA81}"
EndProject
Project("{FAE04EC0-301F-11D3-BF4B-00C04F79EFBC}") = "Graxei.Persistencia.Implementacao.FluentNHibernate", "FluentNHibernate.Configuracao\Graxei.Persistencia.Implementacao.FluentNHibernate.csproj", "{C1DF8AA8-C6F2-4518-94A8-D80658D2091D}"
EndProject
Project("{2150E333-8FDC-42A3-9474-1A3956D46DE8}") = "6-Teste", "6-Teste", "{24C44558-CBEE-423D-B14C-138A3D15549B}"
	ProjectSection(SolutionItems) = preProject
		Graxei.Aplicacao.Contrato\packages.config = Graxei.Aplicacao.Contrato\packages.config
	EndProjectSection
EndProject
Project("{FAE04EC0-301F-11D3-BF4B-00C04F79EFBC}") = "Graxei.Transversais.Idiomas", "Graxei.Transversais.Idiomas\Graxei.Transversais.Idiomas.csproj", "{5015A01C-2E90-44CF-A45C-4B121696508C}"
EndProject
Project("{FAE04EC0-301F-11D3-BF4B-00C04F79EFBC}") = "Graxei.Transversais.Utilidades", "Graxei.Transversais.Utilidades\Graxei.Transversais.Utilidades.csproj", "{4257D309-B6EC-499F-970C-824959D6ADA8}"
EndProject
Project("{FAE04EC0-301F-11D3-BF4B-00C04F79EFBC}") = "Graxei.Search", "..\Graxei.Search\Graxei.Search\Graxei.Search.csproj", "{CC25D767-990D-4CE0-9F64-3426E244403B}"
EndProject
Project("{FAE04EC0-301F-11D3-BF4B-00C04F79EFBC}") = "Graxei.Apresentacao.MVC4Unity", "Graxei.Apresentacao.MVC4Unity\Graxei.Apresentacao.MVC4Unity.csproj", "{DDA2FFC0-D0D8-41A2-9CEB-0A14C393F6CD}"
EndProject
Project("{2150E333-8FDC-42A3-9474-1A3956D46DE8}") = "2-Aplicação", "2-Aplicação", "{C9728F4C-4827-462B-815E-58C8BE1A4E2D}"
EndProject
Project("{2150E333-8FDC-42A3-9474-1A3956D46DE8}") = "Contrato", "Contrato", "{54CDFCAE-BEC7-4A5B-A6A9-7A9C1956D2EA}"
EndProject
Project("{FAE04EC0-301F-11D3-BF4B-00C04F79EFBC}") = "Graxei.Aplicacao.Contrato", "Graxei.Aplicacao.Contrato\Graxei.Aplicacao.Contrato.csproj", "{CBF20A20-BA65-4DBC-A5A6-8F06EB2F4ED5}"
EndProject
Project("{2150E333-8FDC-42A3-9474-1A3956D46DE8}") = "Fábrica", "Fábrica", "{545B4045-E39F-4295-BCF7-32F65F5C1895}"
EndProject
Project("{2150E333-8FDC-42A3-9474-1A3956D46DE8}") = "Implementação", "Implementação", "{01369373-2BD1-4D8F-815B-E7ED44239DF1}"
EndProject
Project("{FAE04EC0-301F-11D3-BF4B-00C04F79EFBC}") = "Graxei.Aplicacao.Implementacao", "Graxei.Aplicacao.Implementacao\Graxei.Aplicacao.Implementacao.csproj", "{0788D099-D0C1-43D7-B33A-96800274E201}"
EndProject
Project("{FAE04EC0-301F-11D3-BF4B-00C04F79EFBC}") = "Graxei.Aplicacao.Fabrica", "Graxei.Aplicacao.Fabrica\Graxei.Aplicacao.Fabrica.csproj", "{08975121-A680-4AC3-A0DA-984D4AF28156}"
EndProject
Project("{FAE04EC0-301F-11D3-BF4B-00C04F79EFBC}") = "Graxei.Persistencia.Contrato.Teste", "Graxei.Persistencia.Contrato.Teste\Graxei.Persistencia.Contrato.Teste.csproj", "{8DA82346-5DA4-4A62-B117-51D3B85071E4}"
EndProject
Project("{FAE04EC0-301F-11D3-BF4B-00C04F79EFBC}") = "Graxei.Aplicacao.Contrato.Teste", "Graxei.Aplicacao.Contrato.Teste\Graxei.Aplicacao.Contrato.Teste.csproj", "{D591F9D3-F2F4-47C5-8525-3B5EBFB30737}"
EndProject
Project("{FAE04EC0-301F-11D3-BF4B-00C04F79EFBC}") = "Graxei.Negocio.Implementacao.Teste", "Graxei.Negocio.Implementacao.Teste\Graxei.Negocio.Implementacao.Teste.csproj", "{FB481980-89D9-415A-8FCD-3E30F34276D6}"
EndProject
Project("{FAE04EC0-301F-11D3-BF4B-00C04F79EFBC}") = "Graxei.Persistencia.Implementacao.Teste", "Graxei.Persistencia.Implementacao.Teste\Graxei.Persistencia.Implementacao.Teste.csproj", "{8DBD3918-5F79-4835-BE46-083458F4A735}"
EndProject
Project("{FAE04EC0-301F-11D3-BF4B-00C04F79EFBC}") = "Graxei.Transversais.ContratosDeDados", "Graxei.Transversais.ContratosDeDados\Graxei.Transversais.ContratosDeDados.csproj", "{2B3F16A3-F753-4431-AC97-3CCA9070B3DB}"
EndProject
Project("{FAE04EC0-301F-11D3-BF4B-00C04F79EFBC}") = "Graxei.Persistencia.Implementacao.FluentNHibernate.Postgre", "Graxei.Persistencia.Implementacao.FluentNHibernate.Postgre\Graxei.Persistencia.Implementacao.FluentNHibernate.Postgre.csproj", "{30CE3E7B-B1B7-4231-96DB-619F72FFD9F4}"
EndProject
Project("{FAE04EC0-301F-11D3-BF4B-00C04F79EFBC}") = "Graxei.Transversais.Teste", "Graxei.Transversais.Teste\Graxei.Transversais.Teste.csproj", "{52009047-2402-49DC-AECA-97F3AD52B601}"
EndProject
Project("{FAE04EC0-301F-11D3-BF4B-00C04F79EFBC}") = "Graxei.Apresentacao.Teste", "Graxei.Apresentacao.Teste\Graxei.Apresentacao.Teste.csproj", "{FBB5E754-8DC3-467A-B5CA-7F1FEBA413D9}"
EndProject
Project("{2150E333-8FDC-42A3-9474-1A3956D46DE8}") = ".nuget", ".nuget", "{1AE10A5F-D47A-4619-81C7-65A16340093B}"
	ProjectSection(SolutionItems) = preProject
		.nuget\NuGet.Config = .nuget\NuGet.Config
		.nuget\NuGet.exe = .nuget\NuGet.exe
		.nuget\NuGet.targets = .nuget\NuGet.targets
	EndProjectSection
EndProject
Global
	GlobalSection(SolutionConfigurationPlatforms) = preSolution
		Debug|Any CPU = Debug|Any CPU
		Release|Any CPU = Release|Any CPU
	EndGlobalSection
	GlobalSection(ProjectConfigurationPlatforms) = postSolution
		{FE888923-D56D-403A-B51F-0549C4E12919}.Debug|Any CPU.ActiveCfg = Debug|Any CPU
		{FE888923-D56D-403A-B51F-0549C4E12919}.Debug|Any CPU.Build.0 = Debug|Any CPU
		{FE888923-D56D-403A-B51F-0549C4E12919}.Release|Any CPU.ActiveCfg = Release|Any CPU
		{FE888923-D56D-403A-B51F-0549C4E12919}.Release|Any CPU.Build.0 = Release|Any CPU
		{C69DB223-A47A-4FE4-A2E3-D9EE660662B1}.Debug|Any CPU.ActiveCfg = Debug|Any CPU
		{C69DB223-A47A-4FE4-A2E3-D9EE660662B1}.Debug|Any CPU.Build.0 = Debug|Any CPU
		{C69DB223-A47A-4FE4-A2E3-D9EE660662B1}.Release|Any CPU.ActiveCfg = Release|Any CPU
		{C69DB223-A47A-4FE4-A2E3-D9EE660662B1}.Release|Any CPU.Build.0 = Release|Any CPU
		{2C1AA775-A94D-496B-937C-FCA81A904F55}.Debug|Any CPU.ActiveCfg = Debug|Any CPU
		{2C1AA775-A94D-496B-937C-FCA81A904F55}.Debug|Any CPU.Build.0 = Debug|Any CPU
		{2C1AA775-A94D-496B-937C-FCA81A904F55}.Release|Any CPU.ActiveCfg = Release|Any CPU
		{2C1AA775-A94D-496B-937C-FCA81A904F55}.Release|Any CPU.Build.0 = Release|Any CPU
		{98F3B7B4-B5F1-4124-A62F-A0047AB08840}.Debug|Any CPU.ActiveCfg = Debug|Any CPU
		{98F3B7B4-B5F1-4124-A62F-A0047AB08840}.Debug|Any CPU.Build.0 = Debug|Any CPU
		{98F3B7B4-B5F1-4124-A62F-A0047AB08840}.Release|Any CPU.ActiveCfg = Release|Any CPU
		{98F3B7B4-B5F1-4124-A62F-A0047AB08840}.Release|Any CPU.Build.0 = Release|Any CPU
		{41883BA3-AE05-4EC9-82BA-B2114FE075D4}.Debug|Any CPU.ActiveCfg = Debug|Any CPU
		{41883BA3-AE05-4EC9-82BA-B2114FE075D4}.Debug|Any CPU.Build.0 = Debug|Any CPU
		{41883BA3-AE05-4EC9-82BA-B2114FE075D4}.Release|Any CPU.ActiveCfg = Release|Any CPU
		{41883BA3-AE05-4EC9-82BA-B2114FE075D4}.Release|Any CPU.Build.0 = Release|Any CPU
		{A8BFA7C6-4675-4997-81DF-AE7FE058C1F5}.Debug|Any CPU.ActiveCfg = Debug|Any CPU
		{A8BFA7C6-4675-4997-81DF-AE7FE058C1F5}.Debug|Any CPU.Build.0 = Debug|Any CPU
		{A8BFA7C6-4675-4997-81DF-AE7FE058C1F5}.Release|Any CPU.ActiveCfg = Release|Any CPU
		{A8BFA7C6-4675-4997-81DF-AE7FE058C1F5}.Release|Any CPU.Build.0 = Release|Any CPU
		{8C396BBC-F47C-4845-934E-A467302AAA81}.Debug|Any CPU.ActiveCfg = Debug|Any CPU
		{8C396BBC-F47C-4845-934E-A467302AAA81}.Debug|Any CPU.Build.0 = Debug|Any CPU
		{8C396BBC-F47C-4845-934E-A467302AAA81}.Release|Any CPU.ActiveCfg = Release|Any CPU
		{8C396BBC-F47C-4845-934E-A467302AAA81}.Release|Any CPU.Build.0 = Release|Any CPU
		{C1DF8AA8-C6F2-4518-94A8-D80658D2091D}.Debug|Any CPU.ActiveCfg = Debug|Any CPU
		{C1DF8AA8-C6F2-4518-94A8-D80658D2091D}.Debug|Any CPU.Build.0 = Debug|Any CPU
		{C1DF8AA8-C6F2-4518-94A8-D80658D2091D}.Release|Any CPU.ActiveCfg = Release|Any CPU
		{C1DF8AA8-C6F2-4518-94A8-D80658D2091D}.Release|Any CPU.Build.0 = Release|Any CPU
		{5015A01C-2E90-44CF-A45C-4B121696508C}.Debug|Any CPU.ActiveCfg = Debug|Any CPU
		{5015A01C-2E90-44CF-A45C-4B121696508C}.Debug|Any CPU.Build.0 = Debug|Any CPU
		{5015A01C-2E90-44CF-A45C-4B121696508C}.Release|Any CPU.ActiveCfg = Release|Any CPU
		{5015A01C-2E90-44CF-A45C-4B121696508C}.Release|Any CPU.Build.0 = Release|Any CPU
		{4257D309-B6EC-499F-970C-824959D6ADA8}.Debug|Any CPU.ActiveCfg = Debug|Any CPU
		{4257D309-B6EC-499F-970C-824959D6ADA8}.Debug|Any CPU.Build.0 = Debug|Any CPU
		{4257D309-B6EC-499F-970C-824959D6ADA8}.Release|Any CPU.ActiveCfg = Release|Any CPU
		{4257D309-B6EC-499F-970C-824959D6ADA8}.Release|Any CPU.Build.0 = Release|Any CPU
		{CC25D767-990D-4CE0-9F64-3426E244403B}.Debug|Any CPU.ActiveCfg = Debug|Any CPU
		{CC25D767-990D-4CE0-9F64-3426E244403B}.Debug|Any CPU.Build.0 = Debug|Any CPU
		{CC25D767-990D-4CE0-9F64-3426E244403B}.Release|Any CPU.ActiveCfg = Release|Any CPU
		{CC25D767-990D-4CE0-9F64-3426E244403B}.Release|Any CPU.Build.0 = Release|Any CPU
		{DDA2FFC0-D0D8-41A2-9CEB-0A14C393F6CD}.Debug|Any CPU.ActiveCfg = Debug|Any CPU
		{DDA2FFC0-D0D8-41A2-9CEB-0A14C393F6CD}.Debug|Any CPU.Build.0 = Debug|Any CPU
		{DDA2FFC0-D0D8-41A2-9CEB-0A14C393F6CD}.Release|Any CPU.ActiveCfg = Release|Any CPU
		{DDA2FFC0-D0D8-41A2-9CEB-0A14C393F6CD}.Release|Any CPU.Build.0 = Release|Any CPU
		{CBF20A20-BA65-4DBC-A5A6-8F06EB2F4ED5}.Debug|Any CPU.ActiveCfg = Debug|Any CPU
		{CBF20A20-BA65-4DBC-A5A6-8F06EB2F4ED5}.Debug|Any CPU.Build.0 = Debug|Any CPU
		{CBF20A20-BA65-4DBC-A5A6-8F06EB2F4ED5}.Release|Any CPU.ActiveCfg = Release|Any CPU
		{CBF20A20-BA65-4DBC-A5A6-8F06EB2F4ED5}.Release|Any CPU.Build.0 = Release|Any CPU
		{0788D099-D0C1-43D7-B33A-96800274E201}.Debug|Any CPU.ActiveCfg = Debug|Any CPU
		{0788D099-D0C1-43D7-B33A-96800274E201}.Debug|Any CPU.Build.0 = Debug|Any CPU
		{0788D099-D0C1-43D7-B33A-96800274E201}.Release|Any CPU.ActiveCfg = Release|Any CPU
		{0788D099-D0C1-43D7-B33A-96800274E201}.Release|Any CPU.Build.0 = Release|Any CPU
		{08975121-A680-4AC3-A0DA-984D4AF28156}.Debug|Any CPU.ActiveCfg = Debug|Any CPU
		{08975121-A680-4AC3-A0DA-984D4AF28156}.Debug|Any CPU.Build.0 = Debug|Any CPU
		{08975121-A680-4AC3-A0DA-984D4AF28156}.Release|Any CPU.ActiveCfg = Release|Any CPU
		{08975121-A680-4AC3-A0DA-984D4AF28156}.Release|Any CPU.Build.0 = Release|Any CPU
		{8DA82346-5DA4-4A62-B117-51D3B85071E4}.Debug|Any CPU.ActiveCfg = Debug|Any CPU
		{8DA82346-5DA4-4A62-B117-51D3B85071E4}.Debug|Any CPU.Build.0 = Debug|Any CPU
		{8DA82346-5DA4-4A62-B117-51D3B85071E4}.Release|Any CPU.ActiveCfg = Release|Any CPU
		{D591F9D3-F2F4-47C5-8525-3B5EBFB30737}.Debug|Any CPU.ActiveCfg = Debug|Any CPU
		{D591F9D3-F2F4-47C5-8525-3B5EBFB30737}.Debug|Any CPU.Build.0 = Debug|Any CPU
		{D591F9D3-F2F4-47C5-8525-3B5EBFB30737}.Release|Any CPU.ActiveCfg = Release|Any CPU
		{FB481980-89D9-415A-8FCD-3E30F34276D6}.Debug|Any CPU.ActiveCfg = Debug|Any CPU
		{FB481980-89D9-415A-8FCD-3E30F34276D6}.Debug|Any CPU.Build.0 = Debug|Any CPU
		{FB481980-89D9-415A-8FCD-3E30F34276D6}.Release|Any CPU.ActiveCfg = Release|Any CPU
		{8DBD3918-5F79-4835-BE46-083458F4A735}.Debug|Any CPU.ActiveCfg = Debug|Any CPU
		{8DBD3918-5F79-4835-BE46-083458F4A735}.Debug|Any CPU.Build.0 = Debug|Any CPU
		{8DBD3918-5F79-4835-BE46-083458F4A735}.Release|Any CPU.ActiveCfg = Release|Any CPU
		{2B3F16A3-F753-4431-AC97-3CCA9070B3DB}.Debug|Any CPU.ActiveCfg = Debug|Any CPU
		{2B3F16A3-F753-4431-AC97-3CCA9070B3DB}.Debug|Any CPU.Build.0 = Debug|Any CPU
		{2B3F16A3-F753-4431-AC97-3CCA9070B3DB}.Release|Any CPU.ActiveCfg = Release|Any CPU
		{2B3F16A3-F753-4431-AC97-3CCA9070B3DB}.Release|Any CPU.Build.0 = Release|Any CPU
		{30CE3E7B-B1B7-4231-96DB-619F72FFD9F4}.Debug|Any CPU.ActiveCfg = Debug|Any CPU
		{30CE3E7B-B1B7-4231-96DB-619F72FFD9F4}.Debug|Any CPU.Build.0 = Debug|Any CPU
		{30CE3E7B-B1B7-4231-96DB-619F72FFD9F4}.Release|Any CPU.ActiveCfg = Release|Any CPU
		{30CE3E7B-B1B7-4231-96DB-619F72FFD9F4}.Release|Any CPU.Build.0 = Release|Any CPU
		{52009047-2402-49DC-AECA-97F3AD52B601}.Debug|Any CPU.ActiveCfg = Debug|Any CPU
		{52009047-2402-49DC-AECA-97F3AD52B601}.Debug|Any CPU.Build.0 = Debug|Any CPU
		{52009047-2402-49DC-AECA-97F3AD52B601}.Release|Any CPU.ActiveCfg = Release|Any CPU
		{FBB5E754-8DC3-467A-B5CA-7F1FEBA413D9}.Debug|Any CPU.ActiveCfg = Debug|Any CPU
		{FBB5E754-8DC3-467A-B5CA-7F1FEBA413D9}.Debug|Any CPU.Build.0 = Debug|Any CPU
		{FBB5E754-8DC3-467A-B5CA-7F1FEBA413D9}.Release|Any CPU.ActiveCfg = Release|Any CPU
	EndGlobalSection
	GlobalSection(SolutionProperties) = preSolution
		HideSolutionNode = FALSE
	EndGlobalSection
	GlobalSection(NestedProjects) = preSolution
		{DDA2FFC0-D0D8-41A2-9CEB-0A14C393F6CD} = {E0660FBE-BAB4-47C7-8B27-7AD191C0D245}
		{2D65B20C-E861-4692-9B86-1025D772EE08} = {A8CC24EA-0E9E-438E-8B74-8A000D7B0990}
		{A7DEB101-E073-4E2B-AB89-A31E9AD6FB28} = {A8CC24EA-0E9E-438E-8B74-8A000D7B0990}
		{55CD7E60-DA54-4C3A-A750-2D7D558A3A62} = {A8CC24EA-0E9E-438E-8B74-8A000D7B0990}
		{98F3B7B4-B5F1-4124-A62F-A0047AB08840} = {2D65B20C-E861-4692-9B86-1025D772EE08}
		{41883BA3-AE05-4EC9-82BA-B2114FE075D4} = {A7DEB101-E073-4E2B-AB89-A31E9AD6FB28}
		{A8BFA7C6-4675-4997-81DF-AE7FE058C1F5} = {55CD7E60-DA54-4C3A-A750-2D7D558A3A62}
		{FE888923-D56D-403A-B51F-0549C4E12919} = {A7AD0BFD-4914-4B34-B99E-CF931304600B}
		{3DEF66A4-7AA9-4943-8C02-CF114C028D89} = {C88B072A-2386-49AC-90E1-5F26B9A1EE26}
		{EC38D63B-B3FA-4345-967B-95248E7B5DD4} = {C88B072A-2386-49AC-90E1-5F26B9A1EE26}
		{DC19629A-1120-44A4-8D4E-774EB71176A6} = {C88B072A-2386-49AC-90E1-5F26B9A1EE26}
		{C69DB223-A47A-4FE4-A2E3-D9EE660662B1} = {3DEF66A4-7AA9-4943-8C02-CF114C028D89}
		{2C1AA775-A94D-496B-937C-FCA81A904F55} = {EC38D63B-B3FA-4345-967B-95248E7B5DD4}
		{C1DF8AA8-C6F2-4518-94A8-D80658D2091D} = {DC19629A-1120-44A4-8D4E-774EB71176A6}
		{30CE3E7B-B1B7-4231-96DB-619F72FFD9F4} = {DC19629A-1120-44A4-8D4E-774EB71176A6}
		{5015A01C-2E90-44CF-A45C-4B121696508C} = {B30AB0AE-487E-428D-AA03-E424F1F4C0B1}
		{4257D309-B6EC-499F-970C-824959D6ADA8} = {B30AB0AE-487E-428D-AA03-E424F1F4C0B1}
		{CC25D767-990D-4CE0-9F64-3426E244403B} = {B30AB0AE-487E-428D-AA03-E424F1F4C0B1}
		{2B3F16A3-F753-4431-AC97-3CCA9070B3DB} = {B30AB0AE-487E-428D-AA03-E424F1F4C0B1}
		{8DA82346-5DA4-4A62-B117-51D3B85071E4} = {24C44558-CBEE-423D-B14C-138A3D15549B}
		{D591F9D3-F2F4-47C5-8525-3B5EBFB30737} = {24C44558-CBEE-423D-B14C-138A3D15549B}
		{FB481980-89D9-415A-8FCD-3E30F34276D6} = {24C44558-CBEE-423D-B14C-138A3D15549B}
		{8DBD3918-5F79-4835-BE46-083458F4A735} = {24C44558-CBEE-423D-B14C-138A3D15549B}
		{52009047-2402-49DC-AECA-97F3AD52B601} = {24C44558-CBEE-423D-B14C-138A3D15549B}
		{FBB5E754-8DC3-467A-B5CA-7F1FEBA413D9} = {24C44558-CBEE-423D-B14C-138A3D15549B}
		{54CDFCAE-BEC7-4A5B-A6A9-7A9C1956D2EA} = {C9728F4C-4827-462B-815E-58C8BE1A4E2D}
		{545B4045-E39F-4295-BCF7-32F65F5C1895} = {C9728F4C-4827-462B-815E-58C8BE1A4E2D}
		{01369373-2BD1-4D8F-815B-E7ED44239DF1} = {C9728F4C-4827-462B-815E-58C8BE1A4E2D}
		{CBF20A20-BA65-4DBC-A5A6-8F06EB2F4ED5} = {54CDFCAE-BEC7-4A5B-A6A9-7A9C1956D2EA}
		{08975121-A680-4AC3-A0DA-984D4AF28156} = {545B4045-E39F-4295-BCF7-32F65F5C1895}
		{0788D099-D0C1-43D7-B33A-96800274E201} = {01369373-2BD1-4D8F-815B-E7ED44239DF1}
	EndGlobalSection
	GlobalSection(ExtensibilityGlobals) = postSolution
		EnterpriseLibraryConfigurationToolBinariesPath = packages\Unity.2.1.505.2\lib\NET35
	EndGlobalSection
EndGlobal
